
Microsoft Visual Studio Solution File, Format Version 12.00
# Visual Studio Version 17
VisualStudioVersion = 17.3.32819.101
MinimumVisualStudioVersion = 10.0.40219.1
Project("{FAE04EC0-301F-11D3-BF4B-00C04F79EFBC}") = "RoughForLoginPage", "RoughForLoginPage\RoughForLoginPage.csproj", "{B2BB64ED-F244-4CC2-8CA8-FD5F6771B6C4}"
EndProject
Global
	GlobalSection(SolutionConfigurationPlatforms) = preSolution
		Debug|Any CPU = Debug|Any CPU
		Release|Any CPU = Release|Any CPU
	EndGlobalSection
	GlobalSection(ProjectConfigurationPlatforms) = postSolution
		{B2BB64ED-F244-4CC2-8CA8-FD5F6771B6C4}.Debug|Any CPU.ActiveCfg = Debug|Any CPU
		{B2BB64ED-F244-4CC2-8CA8-FD5F6771B6C4}.Debug|Any CPU.Build.0 = Debug|Any CPU
		{B2BB64ED-F244-4CC2-8CA8-FD5F6771B6C4}.Release|Any CPU.ActiveCfg = Release|Any CPU
		{B2BB64ED-F244-4CC2-8CA8-FD5F6771B6C4}.Release|Any CPU.Build.0 = Release|Any CPU
	EndGlobalSection
	GlobalSection(SolutionProperties) = preSolution
		HideSolutionNode = FALSE
	EndGlobalSection
	GlobalSection(ExtensibilityGlobals) = postSolution
		SolutionGuid = {476ADD1C-9FE7-4290-92BC-A1F783892071}
	EndGlobalSection
EndGlobal
